
Microsoft Visual Studio Solution File, Format Version 12.00
# Visual Studio Version 16
VisualStudioVersion = 16.0.30503.244
MinimumVisualStudioVersion = 10.0.40219.1
Project("{9A19103F-16F7-4668-BE54-9A1E7A4F7556}") = "IntimidatorsManagement API", "IntimidatorsManagement API\IntimidatorsManagement API.csproj", "{7ECF72AF-37C7-457C-BA2A-CD0ECBEDFAC5}"
EndProject
Project("{9A19103F-16F7-4668-BE54-9A1E7A4F7556}") = "DoorsApi", "DoorsApi\DoorsApi.csproj", "{982B85DD-8099-4933-902A-D9D4B62FBC3A}"
EndProject
Project("{9A19103F-16F7-4668-BE54-9A1E7A4F7556}") = "WorkdayManagement API", "WorkdayManagement API\WorkdayManagement API.csproj", "{B37288E6-FB94-4390-819B-0292AE10F094}"
EndProject
Project("{FAE04EC0-301F-11D3-BF4B-00C04F79EFBC}") = "WorkTester", "WorkTester\WorkTester.csproj", "{7840DA79-47C5-45A1-9A3E-D48112B04282}"
EndProject
Global
	GlobalSection(SolutionConfigurationPlatforms) = preSolution
		Debug|Any CPU = Debug|Any CPU
		Release|Any CPU = Release|Any CPU
	EndGlobalSection
	GlobalSection(ProjectConfigurationPlatforms) = postSolution
		{7ECF72AF-37C7-457C-BA2A-CD0ECBEDFAC5}.Debug|Any CPU.ActiveCfg = Debug|Any CPU
		{7ECF72AF-37C7-457C-BA2A-CD0ECBEDFAC5}.Debug|Any CPU.Build.0 = Debug|Any CPU
		{7ECF72AF-37C7-457C-BA2A-CD0ECBEDFAC5}.Release|Any CPU.ActiveCfg = Release|Any CPU
		{7ECF72AF-37C7-457C-BA2A-CD0ECBEDFAC5}.Release|Any CPU.Build.0 = Release|Any CPU
		{982B85DD-8099-4933-902A-D9D4B62FBC3A}.Debug|Any CPU.ActiveCfg = Debug|Any CPU
		{982B85DD-8099-4933-902A-D9D4B62FBC3A}.Debug|Any CPU.Build.0 = Debug|Any CPU
		{982B85DD-8099-4933-902A-D9D4B62FBC3A}.Release|Any CPU.ActiveCfg = Release|Any CPU
		{982B85DD-8099-4933-902A-D9D4B62FBC3A}.Release|Any CPU.Build.0 = Release|Any CPU
		{B37288E6-FB94-4390-819B-0292AE10F094}.Debug|Any CPU.ActiveCfg = Debug|Any CPU
		{B37288E6-FB94-4390-819B-0292AE10F094}.Debug|Any CPU.Build.0 = Debug|Any CPU
		{B37288E6-FB94-4390-819B-0292AE10F094}.Release|Any CPU.ActiveCfg = Release|Any CPU
		{B37288E6-FB94-4390-819B-0292AE10F094}.Release|Any CPU.Build.0 = Release|Any CPU
		{7840DA79-47C5-45A1-9A3E-D48112B04282}.Debug|Any CPU.ActiveCfg = Debug|Any CPU
		{7840DA79-47C5-45A1-9A3E-D48112B04282}.Debug|Any CPU.Build.0 = Debug|Any CPU
		{7840DA79-47C5-45A1-9A3E-D48112B04282}.Release|Any CPU.ActiveCfg = Release|Any CPU
		{7840DA79-47C5-45A1-9A3E-D48112B04282}.Release|Any CPU.Build.0 = Release|Any CPU
	EndGlobalSection
	GlobalSection(SolutionProperties) = preSolution
		HideSolutionNode = FALSE
	EndGlobalSection
	GlobalSection(ExtensibilityGlobals) = postSolution
		SolutionGuid = {A4436CD8-86F1-4009-85F0-48E48C7D3097}
	EndGlobalSection
EndGlobal
